
Microsoft Visual Studio Solution File, Format Version 12.00
# Visual Studio Version 16
VisualStudioVersion = 16.0.29411.108
MinimumVisualStudioVersion = 10.0.40219.1
Project("{FAE04EC0-301F-11D3-BF4B-00C04F79EFBC}") = "JSONLocalizationTool", "JSONLocalizationTool\JSONLocalizationTool.csproj", "{265F2350-3C5A-4158-8E7B-4821EFD1775B}"
EndProject
Global
	GlobalSection(SolutionConfigurationPlatforms) = preSolution
		Debug|Any CPU = Debug|Any CPU
		Release|Any CPU = Release|Any CPU
	EndGlobalSection
	GlobalSection(ProjectConfigurationPlatforms) = postSolution
		{265F2350-3C5A-4158-8E7B-4821EFD1775B}.Debug|Any CPU.ActiveCfg = Debug|Any CPU
		{265F2350-3C5A-4158-8E7B-4821EFD1775B}.Debug|Any CPU.Build.0 = Debug|Any CPU
		{265F2350-3C5A-4158-8E7B-4821EFD1775B}.Release|Any CPU.ActiveCfg = Release|Any CPU
		{265F2350-3C5A-4158-8E7B-4821EFD1775B}.Release|Any CPU.Build.0 = Release|Any CPU
	EndGlobalSection
	GlobalSection(SolutionProperties) = preSolution
		HideSolutionNode = FALSE
	EndGlobalSection
	GlobalSection(ExtensibilityGlobals) = postSolution
		SolutionGuid = {7E041E4E-7CA8-4396-A5DB-8FAE2A8234E5}
	EndGlobalSection
EndGlobal
